
Microsoft Visual Studio Solution File, Format Version 12.00
# Visual Studio Version 17
VisualStudioVersion = 17.6.33723.286
MinimumVisualStudioVersion = 10.0.40219.1
Project("{FAE04EC0-301F-11D3-BF4B-00C04F79EFBC}") = "Ejemplo1", "Ejemplo1.csproj", "{FC3EB41E-CBAB-4013-AB1C-B9F27C822715}"
EndProject
Global
	GlobalSection(SolutionConfigurationPlatforms) = preSolution
		Debug|Any CPU = Debug|Any CPU
		Release|Any CPU = Release|Any CPU
	EndGlobalSection
	GlobalSection(ProjectConfigurationPlatforms) = postSolution
		{FC3EB41E-CBAB-4013-AB1C-B9F27C822715}.Debug|Any CPU.ActiveCfg = Debug|Any CPU
		{FC3EB41E-CBAB-4013-AB1C-B9F27C822715}.Debug|Any CPU.Build.0 = Debug|Any CPU
		{FC3EB41E-CBAB-4013-AB1C-B9F27C822715}.Release|Any CPU.ActiveCfg = Release|Any CPU
		{FC3EB41E-CBAB-4013-AB1C-B9F27C822715}.Release|Any CPU.Build.0 = Release|Any CPU
	EndGlobalSection
	GlobalSection(SolutionProperties) = preSolution
		HideSolutionNode = FALSE
	EndGlobalSection
	GlobalSection(ExtensibilityGlobals) = postSolution
		SolutionGuid = {07F87C31-A3C0-4941-BA6C-6D45E078A0B8}
	EndGlobalSection
EndGlobal
