
Microsoft Visual Studio Solution File, Format Version 12.00
# Visual Studio Version 17
VisualStudioVersion = 17.7.34031.279
MinimumVisualStudioVersion = 10.0.40219.1
Project("{FAE04EC0-301F-11D3-BF4B-00C04F79EFBC}") = "CajeroWeb", "CajeroWeb.csproj", "{47B4D1A6-2CB7-4431-9393-F42A451C7D20}"
EndProject
Global
	GlobalSection(SolutionConfigurationPlatforms) = preSolution
		Debug|Any CPU = Debug|Any CPU
		Release|Any CPU = Release|Any CPU
	EndGlobalSection
	GlobalSection(ProjectConfigurationPlatforms) = postSolution
		{47B4D1A6-2CB7-4431-9393-F42A451C7D20}.Debug|Any CPU.ActiveCfg = Debug|Any CPU
		{47B4D1A6-2CB7-4431-9393-F42A451C7D20}.Debug|Any CPU.Build.0 = Debug|Any CPU
		{47B4D1A6-2CB7-4431-9393-F42A451C7D20}.Release|Any CPU.ActiveCfg = Release|Any CPU
		{47B4D1A6-2CB7-4431-9393-F42A451C7D20}.Release|Any CPU.Build.0 = Release|Any CPU
	EndGlobalSection
	GlobalSection(SolutionProperties) = preSolution
		HideSolutionNode = FALSE
	EndGlobalSection
	GlobalSection(ExtensibilityGlobals) = postSolution
		SolutionGuid = {40747D66-1A8C-4330-8F8C-E1D1699BDC79}
	EndGlobalSection
EndGlobal
